
Microsoft Visual Studio Solution File, Format Version 12.00
# Visual Studio Version 17
VisualStudioVersion = 17.7.34003.232
MinimumVisualStudioVersion = 10.0.40219.1
Project("{9A19103F-16F7-4668-BE54-9A1E7A4F7556}") = "zamazor-api", "zamazor-api\zamazor-api.csproj", "{3A74869A-99CE-4D17-9FE6-241EE822776B}"
EndProject
Project("{9A19103F-16F7-4668-BE54-9A1E7A4F7556}") = "zamazor-core", "zamazor-core\zamazor-core.csproj", "{350A4887-42B8-4C6A-A694-6B21D4CA6979}"
EndProject
Project("{9A19103F-16F7-4668-BE54-9A1E7A4F7556}") = "zamazor-repository", "zamazor-repository\zamazor-repository.csproj", "{08A1FA93-7AC8-474F-9E33-31F92C9C560E}"
EndProject
Project("{9A19103F-16F7-4668-BE54-9A1E7A4F7556}") = "zamazor-service", "zamazor-service\zamazor-service.csproj", "{88388728-0D24-4D45-8648-6CD7A361988B}"
EndProject
Global
	GlobalSection(SolutionConfigurationPlatforms) = preSolution
		Debug|Any CPU = Debug|Any CPU
		Release|Any CPU = Release|Any CPU
	EndGlobalSection
	GlobalSection(ProjectConfigurationPlatforms) = postSolution
		{3A74869A-99CE-4D17-9FE6-241EE822776B}.Debug|Any CPU.ActiveCfg = Debug|Any CPU
		{3A74869A-99CE-4D17-9FE6-241EE822776B}.Debug|Any CPU.Build.0 = Debug|Any CPU
		{3A74869A-99CE-4D17-9FE6-241EE822776B}.Release|Any CPU.ActiveCfg = Release|Any CPU
		{3A74869A-99CE-4D17-9FE6-241EE822776B}.Release|Any CPU.Build.0 = Release|Any CPU
		{350A4887-42B8-4C6A-A694-6B21D4CA6979}.Debug|Any CPU.ActiveCfg = Debug|Any CPU
		{350A4887-42B8-4C6A-A694-6B21D4CA6979}.Debug|Any CPU.Build.0 = Debug|Any CPU
		{350A4887-42B8-4C6A-A694-6B21D4CA6979}.Release|Any CPU.ActiveCfg = Release|Any CPU
		{350A4887-42B8-4C6A-A694-6B21D4CA6979}.Release|Any CPU.Build.0 = Release|Any CPU
		{08A1FA93-7AC8-474F-9E33-31F92C9C560E}.Debug|Any CPU.ActiveCfg = Debug|Any CPU
		{08A1FA93-7AC8-474F-9E33-31F92C9C560E}.Debug|Any CPU.Build.0 = Debug|Any CPU
		{08A1FA93-7AC8-474F-9E33-31F92C9C560E}.Release|Any CPU.ActiveCfg = Release|Any CPU
		{08A1FA93-7AC8-474F-9E33-31F92C9C560E}.Release|Any CPU.Build.0 = Release|Any CPU
		{88388728-0D24-4D45-8648-6CD7A361988B}.Debug|Any CPU.ActiveCfg = Debug|Any CPU
		{88388728-0D24-4D45-8648-6CD7A361988B}.Debug|Any CPU.Build.0 = Debug|Any CPU
		{88388728-0D24-4D45-8648-6CD7A361988B}.Release|Any CPU.ActiveCfg = Release|Any CPU
		{88388728-0D24-4D45-8648-6CD7A361988B}.Release|Any CPU.Build.0 = Release|Any CPU
	EndGlobalSection
	GlobalSection(SolutionProperties) = preSolution
		HideSolutionNode = FALSE
	EndGlobalSection
	GlobalSection(ExtensibilityGlobals) = postSolution
		SolutionGuid = {1E999018-8A54-4A51-947F-80FE6D2CDDF3}
	EndGlobalSection
EndGlobal
